
Microsoft Visual Studio Solution File, Format Version 12.00
# Visual Studio Version 16
VisualStudioVersion = 16.0.30320.27
MinimumVisualStudioVersion = 10.0.40219.1
Project("{FAE04EC0-301F-11D3-BF4B-00C04F79EFBC}") = "ElevenNote.WebAPI", "ElevenNote.WebAPI\ElevenNote.WebAPI.csproj", "{C62DE7C6-66D4-409C-8B7E-5129BF24ED1B}"
EndProject
Project("{FAE04EC0-301F-11D3-BF4B-00C04F79EFBC}") = "ElevenNote.Data", "ElevenNote.Data\ElevenNote.Data.csproj", "{A2A2AED8-F920-4864-A9E5-EF936170151A}"
EndProject
Project("{FAE04EC0-301F-11D3-BF4B-00C04F79EFBC}") = "ElevenNote.Models", "ElevenNote.Models\ElevenNote.Models.csproj", "{1FB2DCE9-75C2-4736-9B7D-2039F583E714}"
EndProject
Project("{FAE04EC0-301F-11D3-BF4B-00C04F79EFBC}") = "ElevenNote.Services", "ElevenNote.Services\ElevenNote.Services.csproj", "{BC0282F7-FA52-41D6-B7A0-1F3A237EADA1}"
EndProject
Global
	GlobalSection(SolutionConfigurationPlatforms) = preSolution
		Debug|Any CPU = Debug|Any CPU
		Release|Any CPU = Release|Any CPU
	EndGlobalSection
	GlobalSection(ProjectConfigurationPlatforms) = postSolution
		{C62DE7C6-66D4-409C-8B7E-5129BF24ED1B}.Debug|Any CPU.ActiveCfg = Debug|Any CPU
		{C62DE7C6-66D4-409C-8B7E-5129BF24ED1B}.Debug|Any CPU.Build.0 = Debug|Any CPU
		{C62DE7C6-66D4-409C-8B7E-5129BF24ED1B}.Release|Any CPU.ActiveCfg = Release|Any CPU
		{C62DE7C6-66D4-409C-8B7E-5129BF24ED1B}.Release|Any CPU.Build.0 = Release|Any CPU
		{A2A2AED8-F920-4864-A9E5-EF936170151A}.Debug|Any CPU.ActiveCfg = Debug|Any CPU
		{A2A2AED8-F920-4864-A9E5-EF936170151A}.Debug|Any CPU.Build.0 = Debug|Any CPU
		{A2A2AED8-F920-4864-A9E5-EF936170151A}.Release|Any CPU.ActiveCfg = Release|Any CPU
		{A2A2AED8-F920-4864-A9E5-EF936170151A}.Release|Any CPU.Build.0 = Release|Any CPU
		{1FB2DCE9-75C2-4736-9B7D-2039F583E714}.Debug|Any CPU.ActiveCfg = Debug|Any CPU
		{1FB2DCE9-75C2-4736-9B7D-2039F583E714}.Debug|Any CPU.Build.0 = Debug|Any CPU
		{1FB2DCE9-75C2-4736-9B7D-2039F583E714}.Release|Any CPU.ActiveCfg = Release|Any CPU
		{1FB2DCE9-75C2-4736-9B7D-2039F583E714}.Release|Any CPU.Build.0 = Release|Any CPU
		{BC0282F7-FA52-41D6-B7A0-1F3A237EADA1}.Debug|Any CPU.ActiveCfg = Debug|Any CPU
		{BC0282F7-FA52-41D6-B7A0-1F3A237EADA1}.Debug|Any CPU.Build.0 = Debug|Any CPU
		{BC0282F7-FA52-41D6-B7A0-1F3A237EADA1}.Release|Any CPU.ActiveCfg = Release|Any CPU
		{BC0282F7-FA52-41D6-B7A0-1F3A237EADA1}.Release|Any CPU.Build.0 = Release|Any CPU
	EndGlobalSection
	GlobalSection(SolutionProperties) = preSolution
		HideSolutionNode = FALSE
	EndGlobalSection
	GlobalSection(ExtensibilityGlobals) = postSolution
		SolutionGuid = {95E6D57C-4E9E-44D0-8539-462D80E60308}
	EndGlobalSection
EndGlobal
